
Microsoft Visual Studio Solution File, Format Version 12.00
# Visual Studio 15
VisualStudioVersion = 15.0.27130.2010
MinimumVisualStudioVersion = 10.0.40219.1
Project("{FAE04EC0-301F-11D3-BF4B-00C04F79EFBC}") = "MvvmCrossSyncPOC.Core", "Mobile\MvvmCrossSyncPOC\MvvmCrossSyncPOC.Core\MvvmCrossSyncPOC.Core.csproj", "{25FF6D03-BE4C-4974-8430-0EA0BDBDD1E7}"
EndProject
Project("{FAE04EC0-301F-11D3-BF4B-00C04F79EFBC}") = "MvvmCrossSyncPOC.iOS", "Mobile\MvvmCrossSyncPOC\MvvmCrossSyncPOC.iOS\MvvmCrossSyncPOC.iOS.csproj", "{3863511A-39C3-4A50-9F7B-F9CF2A6EFF8C}"
EndProject
Project("{D954291E-2A0B-460D-934E-DC6B0785DB48}") = "MvvmCrossSyncPOC.Shared", "Mobile\MvvmCrossSyncPOC.Shared\MvvmCrossSyncPOC.Shared.shproj", "{0F067411-6135-4576-95F0-1AD4ACD21D83}"
EndProject
Project("{FAE04EC0-301F-11D3-BF4B-00C04F79EFBC}") = "MvvmCrossSyncPOC.UWP", "Mobile\MvvmCrossSyncPOC\MvvmCrossSyncPOC.UWP\MvvmCrossSyncPOC.UWP.csproj", "{4684CDF1-5EE3-404D-A5D3-3665D436C274}"
EndProject
Global
	GlobalSection(SharedMSBuildProjectFiles) = preSolution
		Mobile\MvvmCrossSyncPOC.Shared\MvvmCrossSyncPOC.Shared.projitems*{0f067411-6135-4576-95f0-1ad4acd21d83}*SharedItemsImports = 13
		Mobile\MvvmCrossSyncPOC.Shared\MvvmCrossSyncPOC.Shared.projitems*{3863511a-39c3-4a50-9f7b-f9cf2a6eff8c}*SharedItemsImports = 4
		Mobile\MvvmCrossSyncPOC.Shared\MvvmCrossSyncPOC.Shared.projitems*{4684cdf1-5ee3-404d-a5d3-3665d436c274}*SharedItemsImports = 4
	EndGlobalSection
	GlobalSection(SolutionConfigurationPlatforms) = preSolution
		Ad-Hoc|Any CPU = Ad-Hoc|Any CPU
		Ad-Hoc|ARM = Ad-Hoc|ARM
		Ad-Hoc|iPhone = Ad-Hoc|iPhone
		Ad-Hoc|iPhoneSimulator = Ad-Hoc|iPhoneSimulator
		Ad-Hoc|x64 = Ad-Hoc|x64
		Ad-Hoc|x86 = Ad-Hoc|x86
		AppStore|Any CPU = AppStore|Any CPU
		AppStore|ARM = AppStore|ARM
		AppStore|iPhone = AppStore|iPhone
		AppStore|iPhoneSimulator = AppStore|iPhoneSimulator
		AppStore|x64 = AppStore|x64
		AppStore|x86 = AppStore|x86
		Debug|Any CPU = Debug|Any CPU
		Debug|ARM = Debug|ARM
		Debug|iPhone = Debug|iPhone
		Debug|iPhoneSimulator = Debug|iPhoneSimulator
		Debug|x64 = Debug|x64
		Debug|x86 = Debug|x86
		Release|Any CPU = Release|Any CPU
		Release|ARM = Release|ARM
		Release|iPhone = Release|iPhone
		Release|iPhoneSimulator = Release|iPhoneSimulator
		Release|x64 = Release|x64
		Release|x86 = Release|x86
	EndGlobalSection
	GlobalSection(ProjectConfigurationPlatforms) = postSolution
		{25FF6D03-BE4C-4974-8430-0EA0BDBDD1E7}.Ad-Hoc|Any CPU.ActiveCfg = Release|Any CPU
		{25FF6D03-BE4C-4974-8430-0EA0BDBDD1E7}.Ad-Hoc|Any CPU.Build.0 = Release|Any CPU
		{25FF6D03-BE4C-4974-8430-0EA0BDBDD1E7}.Ad-Hoc|ARM.ActiveCfg = Release|Any CPU
		{25FF6D03-BE4C-4974-8430-0EA0BDBDD1E7}.Ad-Hoc|ARM.Build.0 = Release|Any CPU
		{25FF6D03-BE4C-4974-8430-0EA0BDBDD1E7}.Ad-Hoc|iPhone.ActiveCfg = Release|Any CPU
		{25FF6D03-BE4C-4974-8430-0EA0BDBDD1E7}.Ad-Hoc|iPhone.Build.0 = Release|Any CPU
		{25FF6D03-BE4C-4974-8430-0EA0BDBDD1E7}.Ad-Hoc|iPhoneSimulator.ActiveCfg = Release|Any CPU
		{25FF6D03-BE4C-4974-8430-0EA0BDBDD1E7}.Ad-Hoc|iPhoneSimulator.Build.0 = Release|Any CPU
		{25FF6D03-BE4C-4974-8430-0EA0BDBDD1E7}.Ad-Hoc|x64.ActiveCfg = Release|Any CPU
		{25FF6D03-BE4C-4974-8430-0EA0BDBDD1E7}.Ad-Hoc|x64.Build.0 = Release|Any CPU
		{25FF6D03-BE4C-4974-8430-0EA0BDBDD1E7}.Ad-Hoc|x86.ActiveCfg = Release|Any CPU
		{25FF6D03-BE4C-4974-8430-0EA0BDBDD1E7}.Ad-Hoc|x86.Build.0 = Release|Any CPU
		{25FF6D03-BE4C-4974-8430-0EA0BDBDD1E7}.AppStore|Any CPU.ActiveCfg = Release|Any CPU
		{25FF6D03-BE4C-4974-8430-0EA0BDBDD1E7}.AppStore|Any CPU.Build.0 = Release|Any CPU
		{25FF6D03-BE4C-4974-8430-0EA0BDBDD1E7}.AppStore|ARM.ActiveCfg = Release|Any CPU
		{25FF6D03-BE4C-4974-8430-0EA0BDBDD1E7}.AppStore|ARM.Build.0 = Release|Any CPU
		{25FF6D03-BE4C-4974-8430-0EA0BDBDD1E7}.AppStore|iPhone.ActiveCfg = Release|Any CPU
		{25FF6D03-BE4C-4974-8430-0EA0BDBDD1E7}.AppStore|iPhone.Build.0 = Release|Any CPU
		{25FF6D03-BE4C-4974-8430-0EA0BDBDD1E7}.AppStore|iPhoneSimulator.ActiveCfg = Release|Any CPU
		{25FF6D03-BE4C-4974-8430-0EA0BDBDD1E7}.AppStore|iPhoneSimulator.Build.0 = Release|Any CPU
		{25FF6D03-BE4C-4974-8430-0EA0BDBDD1E7}.AppStore|x64.ActiveCfg = Release|Any CPU
		{25FF6D03-BE4C-4974-8430-0EA0BDBDD1E7}.AppStore|x64.Build.0 = Release|Any CPU
		{25FF6D03-BE4C-4974-8430-0EA0BDBDD1E7}.AppStore|x86.ActiveCfg = Release|Any CPU
		{25FF6D03-BE4C-4974-8430-0EA0BDBDD1E7}.AppStore|x86.Build.0 = Release|Any CPU
		{25FF6D03-BE4C-4974-8430-0EA0BDBDD1E7}.Debug|Any CPU.ActiveCfg = Debug|Any CPU
		{25FF6D03-BE4C-4974-8430-0EA0BDBDD1E7}.Debug|Any CPU.Build.0 = Debug|Any CPU
		{25FF6D03-BE4C-4974-8430-0EA0BDBDD1E7}.Debug|ARM.ActiveCfg = Debug|Any CPU
		{25FF6D03-BE4C-4974-8430-0EA0BDBDD1E7}.Debug|ARM.Build.0 = Debug|Any CPU
		{25FF6D03-BE4C-4974-8430-0EA0BDBDD1E7}.Debug|iPhone.ActiveCfg = Debug|Any CPU
		{25FF6D03-BE4C-4974-8430-0EA0BDBDD1E7}.Debug|iPhone.Build.0 = Debug|Any CPU
		{25FF6D03-BE4C-4974-8430-0EA0BDBDD1E7}.Debug|iPhoneSimulator.ActiveCfg = Debug|Any CPU
		{25FF6D03-BE4C-4974-8430-0EA0BDBDD1E7}.Debug|iPhoneSimulator.Build.0 = Debug|Any CPU
		{25FF6D03-BE4C-4974-8430-0EA0BDBDD1E7}.Debug|x64.ActiveCfg = Debug|Any CPU
		{25FF6D03-BE4C-4974-8430-0EA0BDBDD1E7}.Debug|x64.Build.0 = Debug|Any CPU
		{25FF6D03-BE4C-4974-8430-0EA0BDBDD1E7}.Debug|x86.ActiveCfg = Debug|Any CPU
		{25FF6D03-BE4C-4974-8430-0EA0BDBDD1E7}.Debug|x86.Build.0 = Debug|Any CPU
		{25FF6D03-BE4C-4974-8430-0EA0BDBDD1E7}.Release|Any CPU.ActiveCfg = Release|Any CPU
		{25FF6D03-BE4C-4974-8430-0EA0BDBDD1E7}.Release|Any CPU.Build.0 = Release|Any CPU
		{25FF6D03-BE4C-4974-8430-0EA0BDBDD1E7}.Release|ARM.ActiveCfg = Release|Any CPU
		{25FF6D03-BE4C-4974-8430-0EA0BDBDD1E7}.Release|ARM.Build.0 = Release|Any CPU
		{25FF6D03-BE4C-4974-8430-0EA0BDBDD1E7}.Release|iPhone.ActiveCfg = Release|Any CPU
		{25FF6D03-BE4C-4974-8430-0EA0BDBDD1E7}.Release|iPhone.Build.0 = Release|Any CPU
		{25FF6D03-BE4C-4974-8430-0EA0BDBDD1E7}.Release|iPhoneSimulator.ActiveCfg = Release|Any CPU
		{25FF6D03-BE4C-4974-8430-0EA0BDBDD1E7}.Release|iPhoneSimulator.Build.0 = Release|Any CPU
		{25FF6D03-BE4C-4974-8430-0EA0BDBDD1E7}.Release|x64.ActiveCfg = Release|Any CPU
		{25FF6D03-BE4C-4974-8430-0EA0BDBDD1E7}.Release|x64.Build.0 = Release|Any CPU
		{25FF6D03-BE4C-4974-8430-0EA0BDBDD1E7}.Release|x86.ActiveCfg = Release|Any CPU
		{25FF6D03-BE4C-4974-8430-0EA0BDBDD1E7}.Release|x86.Build.0 = Release|Any CPU
		{3863511A-39C3-4A50-9F7B-F9CF2A6EFF8C}.Ad-Hoc|Any CPU.ActiveCfg = Ad-Hoc|iPhone
		{3863511A-39C3-4A50-9F7B-F9CF2A6EFF8C}.Ad-Hoc|ARM.ActiveCfg = Ad-Hoc|iPhone
		{3863511A-39C3-4A50-9F7B-F9CF2A6EFF8C}.Ad-Hoc|iPhone.ActiveCfg = Ad-Hoc|iPhone
		{3863511A-39C3-4A50-9F7B-F9CF2A6EFF8C}.Ad-Hoc|iPhone.Build.0 = Ad-Hoc|iPhone
		{3863511A-39C3-4A50-9F7B-F9CF2A6EFF8C}.Ad-Hoc|iPhoneSimulator.ActiveCfg = Ad-Hoc|iPhoneSimulator
		{3863511A-39C3-4A50-9F7B-F9CF2A6EFF8C}.Ad-Hoc|iPhoneSimulator.Build.0 = Ad-Hoc|iPhoneSimulator
		{3863511A-39C3-4A50-9F7B-F9CF2A6EFF8C}.Ad-Hoc|x64.ActiveCfg = Ad-Hoc|iPhone
		{3863511A-39C3-4A50-9F7B-F9CF2A6EFF8C}.Ad-Hoc|x86.ActiveCfg = Ad-Hoc|iPhone
		{3863511A-39C3-4A50-9F7B-F9CF2A6EFF8C}.AppStore|Any CPU.ActiveCfg = AppStore|iPhone
		{3863511A-39C3-4A50-9F7B-F9CF2A6EFF8C}.AppStore|ARM.ActiveCfg = AppStore|iPhone
		{3863511A-39C3-4A50-9F7B-F9CF2A6EFF8C}.AppStore|iPhone.ActiveCfg = AppStore|iPhone
		{3863511A-39C3-4A50-9F7B-F9CF2A6EFF8C}.AppStore|iPhone.Build.0 = AppStore|iPhone
		{3863511A-39C3-4A50-9F7B-F9CF2A6EFF8C}.AppStore|iPhoneSimulator.ActiveCfg = AppStore|iPhoneSimulator
		{3863511A-39C3-4A50-9F7B-F9CF2A6EFF8C}.AppStore|iPhoneSimulator.Build.0 = AppStore|iPhoneSimulator
		{3863511A-39C3-4A50-9F7B-F9CF2A6EFF8C}.AppStore|x64.ActiveCfg = AppStore|iPhone
		{3863511A-39C3-4A50-9F7B-F9CF2A6EFF8C}.AppStore|x86.ActiveCfg = AppStore|iPhone
		{3863511A-39C3-4A50-9F7B-F9CF2A6EFF8C}.Debug|Any CPU.ActiveCfg = Debug|iPhone
		{3863511A-39C3-4A50-9F7B-F9CF2A6EFF8C}.Debug|Any CPU.Build.0 = Debug|iPhone
		{3863511A-39C3-4A50-9F7B-F9CF2A6EFF8C}.Debug|ARM.ActiveCfg = Debug|iPhone
		{3863511A-39C3-4A50-9F7B-F9CF2A6EFF8C}.Debug|iPhone.ActiveCfg = Debug|iPhone
		{3863511A-39C3-4A50-9F7B-F9CF2A6EFF8C}.Debug|iPhone.Build.0 = Debug|iPhone
		{3863511A-39C3-4A50-9F7B-F9CF2A6EFF8C}.Debug|iPhoneSimulator.ActiveCfg = Debug|iPhoneSimulator
		{3863511A-39C3-4A50-9F7B-F9CF2A6EFF8C}.Debug|iPhoneSimulator.Build.0 = Debug|iPhoneSimulator
		{3863511A-39C3-4A50-9F7B-F9CF2A6EFF8C}.Debug|x64.ActiveCfg = Debug|iPhone
		{3863511A-39C3-4A50-9F7B-F9CF2A6EFF8C}.Debug|x86.ActiveCfg = Debug|iPhone
		{3863511A-39C3-4A50-9F7B-F9CF2A6EFF8C}.Release|Any CPU.ActiveCfg = Release|iPhone
		{3863511A-39C3-4A50-9F7B-F9CF2A6EFF8C}.Release|ARM.ActiveCfg = Release|iPhone
		{3863511A-39C3-4A50-9F7B-F9CF2A6EFF8C}.Release|iPhone.ActiveCfg = Release|iPhone
		{3863511A-39C3-4A50-9F7B-F9CF2A6EFF8C}.Release|iPhone.Build.0 = Release|iPhone
		{3863511A-39C3-4A50-9F7B-F9CF2A6EFF8C}.Release|iPhoneSimulator.ActiveCfg = Release|iPhoneSimulator
		{3863511A-39C3-4A50-9F7B-F9CF2A6EFF8C}.Release|iPhoneSimulator.Build.0 = Release|iPhoneSimulator
		{3863511A-39C3-4A50-9F7B-F9CF2A6EFF8C}.Release|x64.ActiveCfg = Release|iPhone
		{3863511A-39C3-4A50-9F7B-F9CF2A6EFF8C}.Release|x86.ActiveCfg = Release|iPhone
		{4684CDF1-5EE3-404D-A5D3-3665D436C274}.Ad-Hoc|Any CPU.ActiveCfg = Release|x64
		{4684CDF1-5EE3-404D-A5D3-3665D436C274}.Ad-Hoc|Any CPU.Build.0 = Release|x64
		{4684CDF1-5EE3-404D-A5D3-3665D436C274}.Ad-Hoc|Any CPU.Deploy.0 = Release|x64
		{4684CDF1-5EE3-404D-A5D3-3665D436C274}.Ad-Hoc|ARM.ActiveCfg = Release|ARM
		{4684CDF1-5EE3-404D-A5D3-3665D436C274}.Ad-Hoc|ARM.Build.0 = Release|ARM
		{4684CDF1-5EE3-404D-A5D3-3665D436C274}.Ad-Hoc|ARM.Deploy.0 = Release|ARM
		{4684CDF1-5EE3-404D-A5D3-3665D436C274}.Ad-Hoc|iPhone.ActiveCfg = Release|x64
		{4684CDF1-5EE3-404D-A5D3-3665D436C274}.Ad-Hoc|iPhone.Build.0 = Release|x64
		{4684CDF1-5EE3-404D-A5D3-3665D436C274}.Ad-Hoc|iPhone.Deploy.0 = Release|x64
		{4684CDF1-5EE3-404D-A5D3-3665D436C274}.Ad-Hoc|iPhoneSimulator.ActiveCfg = Release|x64
		{4684CDF1-5EE3-404D-A5D3-3665D436C274}.Ad-Hoc|iPhoneSimulator.Build.0 = Release|x64
		{4684CDF1-5EE3-404D-A5D3-3665D436C274}.Ad-Hoc|iPhoneSimulator.Deploy.0 = Release|x64
		{4684CDF1-5EE3-404D-A5D3-3665D436C274}.Ad-Hoc|x64.ActiveCfg = Release|x64
		{4684CDF1-5EE3-404D-A5D3-3665D436C274}.Ad-Hoc|x64.Build.0 = Release|x64
		{4684CDF1-5EE3-404D-A5D3-3665D436C274}.Ad-Hoc|x64.Deploy.0 = Release|x64
		{4684CDF1-5EE3-404D-A5D3-3665D436C274}.Ad-Hoc|x86.ActiveCfg = Release|x86
		{4684CDF1-5EE3-404D-A5D3-3665D436C274}.Ad-Hoc|x86.Build.0 = Release|x86
		{4684CDF1-5EE3-404D-A5D3-3665D436C274}.Ad-Hoc|x86.Deploy.0 = Release|x86
		{4684CDF1-5EE3-404D-A5D3-3665D436C274}.AppStore|Any CPU.ActiveCfg = Release|x64
		{4684CDF1-5EE3-404D-A5D3-3665D436C274}.AppStore|Any CPU.Build.0 = Release|x64
		{4684CDF1-5EE3-404D-A5D3-3665D436C274}.AppStore|Any CPU.Deploy.0 = Release|x64
		{4684CDF1-5EE3-404D-A5D3-3665D436C274}.AppStore|ARM.ActiveCfg = Release|ARM
		{4684CDF1-5EE3-404D-A5D3-3665D436C274}.AppStore|ARM.Build.0 = Release|ARM
		{4684CDF1-5EE3-404D-A5D3-3665D436C274}.AppStore|ARM.Deploy.0 = Release|ARM
		{4684CDF1-5EE3-404D-A5D3-3665D436C274}.AppStore|iPhone.ActiveCfg = Release|x64
		{4684CDF1-5EE3-404D-A5D3-3665D436C274}.AppStore|iPhone.Build.0 = Release|x64
		{4684CDF1-5EE3-404D-A5D3-3665D436C274}.AppStore|iPhone.Deploy.0 = Release|x64
		{4684CDF1-5EE3-404D-A5D3-3665D436C274}.AppStore|iPhoneSimulator.ActiveCfg = Release|x64
		{4684CDF1-5EE3-404D-A5D3-3665D436C274}.AppStore|iPhoneSimulator.Build.0 = Release|x64
		{4684CDF1-5EE3-404D-A5D3-3665D436C274}.AppStore|iPhoneSimulator.Deploy.0 = Release|x64
		{4684CDF1-5EE3-404D-A5D3-3665D436C274}.AppStore|x64.ActiveCfg = Release|x64
		{4684CDF1-5EE3-404D-A5D3-3665D436C274}.AppStore|x64.Build.0 = Release|x64
		{4684CDF1-5EE3-404D-A5D3-3665D436C274}.AppStore|x64.Deploy.0 = Release|x64
		{4684CDF1-5EE3-404D-A5D3-3665D436C274}.AppStore|x86.ActiveCfg = Release|x86
		{4684CDF1-5EE3-404D-A5D3-3665D436C274}.AppStore|x86.Build.0 = Release|x86
		{4684CDF1-5EE3-404D-A5D3-3665D436C274}.AppStore|x86.Deploy.0 = Release|x86
		{4684CDF1-5EE3-404D-A5D3-3665D436C274}.Debug|Any CPU.ActiveCfg = Debug|x86
		{4684CDF1-5EE3-404D-A5D3-3665D436C274}.Debug|Any CPU.Build.0 = Debug|x86
		{4684CDF1-5EE3-404D-A5D3-3665D436C274}.Debug|ARM.ActiveCfg = Debug|ARM
		{4684CDF1-5EE3-404D-A5D3-3665D436C274}.Debug|ARM.Build.0 = Debug|ARM
		{4684CDF1-5EE3-404D-A5D3-3665D436C274}.Debug|ARM.Deploy.0 = Debug|ARM
		{4684CDF1-5EE3-404D-A5D3-3665D436C274}.Debug|iPhone.ActiveCfg = Debug|x86
		{4684CDF1-5EE3-404D-A5D3-3665D436C274}.Debug|iPhoneSimulator.ActiveCfg = Debug|x86
		{4684CDF1-5EE3-404D-A5D3-3665D436C274}.Debug|x64.ActiveCfg = Debug|x64
		{4684CDF1-5EE3-404D-A5D3-3665D436C274}.Debug|x64.Build.0 = Debug|x64
		{4684CDF1-5EE3-404D-A5D3-3665D436C274}.Debug|x64.Deploy.0 = Debug|x64
		{4684CDF1-5EE3-404D-A5D3-3665D436C274}.Debug|x86.ActiveCfg = Debug|x86
		{4684CDF1-5EE3-404D-A5D3-3665D436C274}.Debug|x86.Build.0 = Debug|x86
		{4684CDF1-5EE3-404D-A5D3-3665D436C274}.Debug|x86.Deploy.0 = Debug|x86
		{4684CDF1-5EE3-404D-A5D3-3665D436C274}.Release|Any CPU.ActiveCfg = Release|x86
		{4684CDF1-5EE3-404D-A5D3-3665D436C274}.Release|ARM.ActiveCfg = Release|ARM
		{4684CDF1-5EE3-404D-A5D3-3665D436C274}.Release|ARM.Build.0 = Release|ARM
		{4684CDF1-5EE3-404D-A5D3-3665D436C274}.Release|ARM.Deploy.0 = Release|ARM
		{4684CDF1-5EE3-404D-A5D3-3665D436C274}.Release|iPhone.ActiveCfg = Release|x86
		{4684CDF1-5EE3-404D-A5D3-3665D436C274}.Release|iPhoneSimulator.ActiveCfg = Release|x86
		{4684CDF1-5EE3-404D-A5D3-3665D436C274}.Release|x64.ActiveCfg = Release|x64
		{4684CDF1-5EE3-404D-A5D3-3665D436C274}.Release|x64.Build.0 = Release|x64
		{4684CDF1-5EE3-404D-A5D3-3665D436C274}.Release|x64.Deploy.0 = Release|x64
		{4684CDF1-5EE3-404D-A5D3-3665D436C274}.Release|x86.ActiveCfg = Release|x86
		{4684CDF1-5EE3-404D-A5D3-3665D436C274}.Release|x86.Build.0 = Release|x86
		{4684CDF1-5EE3-404D-A5D3-3665D436C274}.Release|x86.Deploy.0 = Release|x86
	EndGlobalSection
	GlobalSection(SolutionProperties) = preSolution
		HideSolutionNode = FALSE
	EndGlobalSection
	GlobalSection(ExtensibilityGlobals) = postSolution
		SolutionGuid = {91CFB2D9-18A1-4CF0-AC1E-E3E6F48CFC30}
	EndGlobalSection
EndGlobal
